// !$*UTF8*$!
{
	archiveVersion = 1;
	classes = {
	};
	objectVersion = 46;
	objects = {

/* Begin PBXBuildFile section */
		3849318F1BDC43290037D3BE /* Event.swift in Sources */ = {isa = PBXBuildFile; fileRef = 3849318E1BDC43290037D3BE /* Event.swift */; };
		384E782B1BCC2371004D391C /* AppDelegate.swift in Sources */ = {isa = PBXBuildFile; fileRef = 384E782A1BCC2371004D391C /* AppDelegate.swift */; };
		384E78301BCC2371004D391C /* Main.storyboard in Resources */ = {isa = PBXBuildFile; fileRef = 384E782E1BCC2371004D391C /* Main.storyboard */; };
		384E78321BCC2371004D391C /* Assets.xcassets in Resources */ = {isa = PBXBuildFile; fileRef = 384E78311BCC2371004D391C /* Assets.xcassets */; };
		384E78351BCC2371004D391C /* LaunchScreen.storyboard in Resources */ = {isa = PBXBuildFile; fileRef = 384E78331BCC2371004D391C /* LaunchScreen.storyboard */; };
		38BC25D31BDD4A8B0047287D /* CalendarViewController.swift in Sources */ = {isa = PBXBuildFile; fileRef = 38BC25D21BDD4A8B0047287D /* CalendarViewController.swift */; };
		38BC25D51BDD4AAC0047287D /* DateTableViewController.swift in Sources */ = {isa = PBXBuildFile; fileRef = 38BC25D41BDD4AAC0047287D /* DateTableViewController.swift */; };
		38BC25D71BDD4ACF0047287D /* EventViewController.swift in Sources */ = {isa = PBXBuildFile; fileRef = 38BC25D61BDD4ACF0047287D /* EventViewController.swift */; };
		38BC25D91BDD4AE10047287D /* EventTableViewCell.swift in Sources */ = {isa = PBXBuildFile; fileRef = 38BC25D81BDD4AE10047287D /* EventTableViewCell.swift */; };
/* End PBXBuildFile section */

/* Begin PBXFileReference section */
		3849318E1BDC43290037D3BE /* Event.swift */ = {isa = PBXFileReference; fileEncoding = 4; lastKnownFileType = sourcecode.swift; path = Event.swift; sourceTree = "<group>"; };
		384E78271BCC2371004D391C /* CS407-Homework2-CalendarApp.app */ = {isa = PBXFileReference; explicitFileType = wrapper.application; includeInIndex = 0; path = "CS407-Homework2-CalendarApp.app"; sourceTree = BUILT_PRODUCTS_DIR; };
		384E782A1BCC2371004D391C /* AppDelegate.swift */ = {isa = PBXFileReference; lastKnownFileType = sourcecode.swift; path = AppDelegate.swift; sourceTree = "<group>"; };
		384E782F1BCC2371004D391C /* Base */ = {isa = PBXFileReference; lastKnownFileType = file.storyboard; name = Base; path = Base.lproj/Main.storyboard; sourceTree = "<group>"; };
		384E78311BCC2371004D391C /* Assets.xcassets */ = {isa = PBXFileReference; lastKnownFileType = folder.assetcatalog; path = Assets.xcassets; sourceTree = "<group>"; };
		384E78341BCC2371004D391C /* Base */ = {isa = PBXFileReference; lastKnownFileType = file.storyboard; name = Base; path = Base.lproj/LaunchScreen.storyboard; sourceTree = "<group>"; };
		384E78361BCC2371004D391C /* Info.plist */ = {isa = PBXFileReference; lastKnownFileType = text.plist.xml; path = Info.plist; sourceTree = "<group>"; };
		38BC25D21BDD4A8B0047287D /* CalendarViewController.swift */ = {isa = PBXFileReference; fileEncoding = 4; lastKnownFileType = sourcecode.swift; path = CalendarViewController.swift; sourceTree = "<group>"; };
		38BC25D41BDD4AAC0047287D /* DateTableViewController.swift */ = {isa = PBXFileReference; fileEncoding = 4; lastKnownFileType = sourcecode.swift; path = DateTableViewController.swift; sourceTree = "<group>"; };
		38BC25D61BDD4ACF0047287D /* EventViewController.swift */ = {isa = PBXFileReference; fileEncoding = 4; lastKnownFileType = sourcecode.swift; path = EventViewController.swift; sourceTree = "<group>"; };
		38BC25D81BDD4AE10047287D /* EventTableViewCell.swift */ = {isa = PBXFileReference; fileEncoding = 4; lastKnownFileType = sourcecode.swift; path = EventTableViewCell.swift; sourceTree = "<group>"; };
/* End PBXFileReference section */

/* Begin PBXFrameworksBuildPhase section */
		384E78241BCC2370004D391C /* Frameworks */ = {
			isa = PBXFrameworksBuildPhase;
			buildActionMask = 2147483647;
			files = (
			);
			runOnlyForDeploymentPostprocessing = 0;
		};
/* End PBXFrameworksBuildPhase section */

/* Begin PBXGroup section */
		384E781E1BCC2370004D391C = {
			isa = PBXGroup;
			children = (
				3849318E1BDC43290037D3BE /* Event.swift */,
				384E78291BCC2371004D391C /* CS407-Homework2-CalendarApp */,
				384E78281BCC2371004D391C /* Products */,
			);
			sourceTree = "<group>";
		};
		384E78281BCC2371004D391C /* Products */ = {
			isa = PBXGroup;
			children = (
				384E78271BCC2371004D391C /* CS407-Homework2-CalendarApp.app */,
			);
			name = Products;
			sourceTree = "<group>";
		};
		384E78291BCC2371004D391C /* CS407-Homework2-CalendarApp */ = {
			isa = PBXGroup;
			children = (
				384E782A1BCC2371004D391C /* AppDelegate.swift */,
				384E782E1BCC2371004D391C /* Main.storyboard */,
				384E78311BCC2371004D391C /* Assets.xcassets */,
				384E78331BCC2371004D391C /* LaunchScreen.storyboard */,
				384E78361BCC2371004D391C /* Info.plist */,
				38BC25D21BDD4A8B0047287D /* CalendarViewController.swift */,
				38BC25D41BDD4AAC0047287D /* DateTableViewController.swift */,
				38BC25D61BDD4ACF0047287D /* EventViewController.swift */,
				38BC25D81BDD4AE10047287D /* EventTableViewCell.swift */,
			);
			path = "CS407-Homework2-CalendarApp";
			sourceTree = "<group>";
		};
/* End PBXGroup section */

/* Begin PBXNativeTarget section */
		384E78261BCC2370004D391C /* CS407-Homework2-CalendarApp */ = {
			isa = PBXNativeTarget;
			buildConfigurationList = 384E78391BCC2371004D391C /* Build configuration list for PBXNativeTarget "CS407-Homework2-CalendarApp" */;
			buildPhases = (
				384E78231BCC2370004D391C /* Sources */,
				384E78241BCC2370004D391C /* Frameworks */,
				384E78251BCC2370004D391C /* Resources */,
			);
			buildRules = (
			);
			dependencies = (
			);
			name = "CS407-Homework2-CalendarApp";
			productName = "CS407-Homework2-CalendarApp";
			productReference = 384E78271BCC2371004D391C /* CS407-Homework2-CalendarApp.app */;
			productType = "com.apple.product-type.application";
		};
/* End PBXNativeTarget section */

/* Begin PBXProject section */
		384E781F1BCC2370004D391C /* Project object */ = {
			isa = PBXProject;
			attributes = {
				LastUpgradeCheck = 0700;
				ORGANIZATIONNAME = "James Payne";
				TargetAttributes = {
					384E78261BCC2370004D391C = {
						CreatedOnToolsVersion = 7.0;
					};
				};
			};
			buildConfigurationList = 384E78221BCC2370004D391C /* Build configuration list for PBXProject "CS407-Homework2-CalendarApp" */;
			compatibilityVersion = "Xcode 3.2";
			developmentRegion = English;
			hasScannedForEncodings = 0;
			knownRegions = (
				en,
				Base,
			);
			mainGroup = 384E781E1BCC2370004D391C;
			productRefGroup = 384E78281BCC2371004D391C /* Products */;
			projectDirPath = "";
			projectRoot = "";
			targets = (
				384E78261BCC2370004D391C /* CS407-Homework2-CalendarApp */,
			);
		};
/* End PBXProject section */

/* Begin PBXResourcesBuildPhase section */
		384E78251BCC2370004D391C /* Resources */ = {
			isa = PBXResourcesBuildPhase;
			buildActionMask = 2147483647;
			files = (
				384E78351BCC2371004D391C /* LaunchScreen.storyboard in Resources */,
				384E78321BCC2371004D391C /* Assets.xcassets in Resources */,
				384E78301BCC2371004D391C /* Main.storyboard in Resources */,
			);
			runOnlyForDeploymentPostprocessing = 0;
		};
/* End PBXResourcesBuildPhase section */

/* Begin PBXSourcesBuildPhase section */
		384E78231BCC2370004D391C /* Sources */ = {
			isa = PBXSourcesBuildPhase;
			buildActionMask = 2147483647;
			files = (
				38BC25D91BDD4AE10047287D /* EventTableViewCell.swift in Sources */,
				38BC25D71BDD4ACF0047287D /* EventViewController.swift in Sources */,
				38BC25D31BDD4A8B0047287D /* CalendarViewController.swift in Sources */,
				38BC25D51BDD4AAC0047287D /* DateTableViewController.swift in Sources */,
				3849318F1BDC43290037D3BE /* Event.swift in Sources */,
				384E782B1BCC2371004D391C /* AppDelegate.swift in Sources */,
			);
			runOnlyForDeploymentPostprocessing = 0;
		};
/* End PBXSourcesBuildPhase section */

/* Begin PBXVariantGroup section */
		384E782E1BCC2371004D391C /* Main.storyboard */ = {
			isa = PBXVariantGroup;
			children = (
				384E782F1BCC2371004D391C /* Base */,
			);
			name = Main.storyboard;
			sourceTree = "<group>";
		};
		384E78331BCC2371004D391C /* LaunchScreen.storyboard */ = {
			isa = PBXVariantGroup;
			children = (
				384E78341BCC2371004D391C /* Base */,
			);
			name = LaunchScreen.storyboard;
			sourceTree = "<group>";
		};
/* End PBXVariantGroup section */

/* Begin XCBuildConfiguration section */
		384E78371BCC2371004D391C /* Debug */ = {
			isa = XCBuildConfiguration;
			buildSettings = {
				ALWAYS_SEARCH_USER_PATHS = NO;
				CLANG_CXX_LANGUAGE_STANDARD = "gnu++0x";
				CLANG_CXX_LIBRARY = "libc++";
				CLANG_ENABLE_MODULES = YES;
				CLANG_ENABLE_OBJC_ARC = YES;
				CLANG_WARN_BOOL_CONVERSION = YES;
				CLANG_WARN_CONSTANT_CONVERSION = YES;
				CLANG_WARN_DIRECT_OBJC_ISA_USAGE = YES_ERROR;
				CLANG_WARN_EMPTY_BODY = YES;
				CLANG_WARN_ENUM_CONVERSION = YES;
				CLANG_WARN_INT_CONVERSION = YES;
				CLANG_WARN_OBJC_ROOT_CLASS = YES_ERROR;
				CLANG_WARN_UNREACHABLE_CODE = YES;
				CLANG_WARN__DUPLICATE_METHOD_MATCH = YES;
				"CODE_SIGN_IDENTITY[sdk=iphoneos*]" = "iPhone Developer";
				COPY_PHASE_STRIP = NO;
				DEBUG_INFORMATION_FORMAT = dwarf;
				ENABLE_STRICT_OBJC_MSGSEND = YES;
				ENABLE_TESTABILITY = YES;
				GCC_C_LANGUAGE_STANDARD = gnu99;
				GCC_DYNAMIC_NO_PIC = NO;
				GCC_NO_COMMON_BLOCKS = YES;
				GCC_OPTIMIZATION_LEVEL = 0;
				GCC_PREPROCESSOR_DEFINITIONS = (
					"DEBUG=1",
					"$(inherited)",
				);
				GCC_WARN_64_TO_32_BIT_CONVERSION = YES;
				GCC_WARN_ABOUT_RETURN_TYPE = YES_ERROR;
				GCC_WARN_UNDECLARED_SELECTOR = YES;
				GCC_WARN_UNINITIALIZED_AUTOS = YES_AGGRESSIVE;
				GCC_WARN_UNUSED_FUNCTION = YES;
				GCC_WARN_UNUSED_VARIABLE = YES;
				IPHONEOS_DEPLOYMENT_TARGET = 9.0;
				MTL_ENABLE_DEBUG_INFO = YES;
				ONLY_ACTIVE_ARCH = YES;
				SDKROOT = iphoneos;
				SWIFT_OPTIMIZATION_LEVEL = "-Onone";
			};
			name = Debug;
		};
		384E78381BCC2371004D391C /* Release */ = {
			isa = XCBuildConfiguration;
			buildSettings = {
				ALWAYS_SEARCH_USER_PATHS = NO;
				CLANG_CXX_LANGUAGE_STANDARD = "gnu++0x";
				CLANG_CXX_LIBRARY = "libc++";
				CLANG_ENABLE_MODULES = YES;
				CLANG_ENABLE_OBJC_ARC = YES;
				CLANG_WARN_BOOL_CONVERSION = YES;
				CLANG_WARN_CONSTANT_CONVERSION = YES;
				CLANG_WARN_DIRECT_OBJC_ISA_USAGE = YES_ERROR;
				CLANG_WARN_EMPTY_BODY = YES;
				CLANG_WARN_ENUM_CONVERSION = YES;
				CLANG_WARN_INT_CONVERSION = YES;
				CLANG_WARN_OBJC_ROOT_CLASS = YES_ERROR;
				CLANG_WARN_UNREACHABLE_CODE = YES;
				CLANG_WARN__DUPLICATE_METHOD_MATCH = YES;
				"CODE_SIGN_IDENTITY[sdk=iphoneos*]" = "iPhone Developer";
				COPY_PHASE_STRIP = NO;
				DEBUG_INFORMATION_FORMAT = "dwarf-with-dsym";
				ENABLE_NS_ASSERTIONS = NO;
				ENABLE_STRICT_OBJC_MSGSEND = YES;
				GCC_C_LANGUAGE_STANDARD = gnu99;
				GCC_NO_COMMON_BLOCKS = YES;
				GCC_WARN_64_TO_32_BIT_CONVERSION = YES;
				GCC_WARN_ABOUT_RETURN_TYPE = YES_ERROR;
				GCC_WARN_UNDECLARED_SELECTOR = YES;
				GCC_WARN_UNINITIALIZED_AUTOS = YES_AGGRESSIVE;
				GCC_WARN_UNUSED_FUNCTION = YES;
				GCC_WARN_UNUSED_VARIABLE = YES;
				IPHONEOS_DEPLOYMENT_TARGET = 9.0;
				MTL_ENABLE_DEBUG_INFO = NO;
				SDKROOT = iphoneos;
				VALIDATE_PRODUCT = YES;
			};
			name = Release;
		};
		384E783A1BCC2371004D391C /* Debug */ = {
			isa = XCBuildConfiguration;
			buildSettings = {
				ASSETCATALOG_COMPILER_APPICON_NAME = AppIcon;
				INFOPLIST_FILE = "CS407-Homework2-CalendarApp/Info.plist";
				LD_RUNPATH_SEARCH_PATHS = "$(inherited) @executable_path/Frameworks";
				PRODUCT_BUNDLE_IDENTIFIER = "com.payne.dev.CS407-Homework2-CalendarApp";
				PRODUCT_NAME = "$(TARGET_NAME)";
			};
			name = Debug;
		};
		384E783B1BCC2371004D391C /* Release */ = {
			isa = XCBuildConfiguration;
			buildSettings = {
				ASSETCATALOG_COMPILER_APPICON_NAME = AppIcon;
				INFOPLIST_FILE = "CS407-Homework2-CalendarApp/Info.plist";
				LD_RUNPATH_SEARCH_PATHS = "$(inherited) @executable_path/Frameworks";
				PRODUCT_BUNDLE_IDENTIFIER = "com.payne.dev.CS407-Homework2-CalendarApp";
				PRODUCT_NAME = "$(TARGET_NAME)";
			};
			name = Release;
		};
/* End XCBuildConfiguration section */

/* Begin XCConfigurationList section */
		384E78221BCC2370004D391C /* Build configuration list for PBXProject "CS407-Homework2-CalendarApp" */ = {
			isa = XCConfigurationList;
			buildConfigurations = (
				384E78371BCC2371004D391C /* Debug */,
				384E78381BCC2371004D391C /* Release */,
			);
			defaultConfigurationIsVisible = 0;
			defaultConfigurationName = Release;
		};
		384E78391BCC2371004D391C /* Build configuration list for PBXNativeTarget "CS407-Homework2-CalendarApp" */ = {
			isa = XCConfigurationList;
			buildConfigurations = (
				384E783A1BCC2371004D391C /* Debug */,
				384E783B1BCC2371004D391C /* Release */,
			);
			defaultConfigurationIsVisible = 0;
			defaultConfigurationName = Release;
		};
/* End XCConfigurationList section */
	};
	rootObject = 384E781F1BCC2370004D391C /* Project object */;
}
